// !$*UTF8*$!
{
	archiveVersion = 1;
	classes = {
	};
	objectVersion = 46;
	objects = {

/* Begin PBXBuildFile section */
		D026C0D81B173FAC0040D36A /* AFHTTPRequestOperation.m in Sources */ = {isa = PBXBuildFile; fileRef = D026C0B41B173FAC0040D36A /* AFHTTPRequestOperation.m */; };
		D026C0D91B173FAC0040D36A /* AFHTTPRequestOperationManager.m in Sources */ = {isa = PBXBuildFile; fileRef = D026C0B61B173FAC0040D36A /* AFHTTPRequestOperationManager.m */; };
		D026C0DA1B173FAC0040D36A /* AFHTTPSessionManager.m in Sources */ = {isa = PBXBuildFile; fileRef = D026C0B81B173FAC0040D36A /* AFHTTPSessionManager.m */; };
		D026C0DB1B173FAC0040D36A /* AFNetworkReachabilityManager.m in Sources */ = {isa = PBXBuildFile; fileRef = D026C0BB1B173FAC0040D36A /* AFNetworkReachabilityManager.m */; };
		D026C0DC1B173FAC0040D36A /* AFSecurityPolicy.m in Sources */ = {isa = PBXBuildFile; fileRef = D026C0BD1B173FAC0040D36A /* AFSecurityPolicy.m */; };
		D026C0DD1B173FAC0040D36A /* AFURLConnectionOperation.m in Sources */ = {isa = PBXBuildFile; fileRef = D026C0BF1B173FAC0040D36A /* AFURLConnectionOperation.m */; };
		D026C0DE1B173FAC0040D36A /* AFURLRequestSerialization.m in Sources */ = {isa = PBXBuildFile; fileRef = D026C0C11B173FAC0040D36A /* AFURLRequestSerialization.m */; };
		D026C0DF1B173FAC0040D36A /* AFURLResponseSerialization.m in Sources */ = {isa = PBXBuildFile; fileRef = D026C0C31B173FAC0040D36A /* AFURLResponseSerialization.m */; };
		D026C0E01B173FAC0040D36A /* AFURLSessionManager.m in Sources */ = {isa = PBXBuildFile; fileRef = D026C0C51B173FAC0040D36A /* AFURLSessionManager.m */; };
		D026C0E11B173FAC0040D36A /* AFNetworkActivityIndicatorManager.m in Sources */ = {isa = PBXBuildFile; fileRef = D026C0C81B173FAC0040D36A /* AFNetworkActivityIndicatorManager.m */; };
		D026C0E21B173FAC0040D36A /* UIActivityIndicatorView+AFNetworking.m in Sources */ = {isa = PBXBuildFile; fileRef = D026C0CA1B173FAC0040D36A /* UIActivityIndicatorView+AFNetworking.m */; };
		D026C0E31B173FAC0040D36A /* UIAlertView+AFNetworking.m in Sources */ = {isa = PBXBuildFile; fileRef = D026C0CC1B173FAC0040D36A /* UIAlertView+AFNetworking.m */; };
		D026C0E41B173FAC0040D36A /* UIButton+AFNetworking.m in Sources */ = {isa = PBXBuildFile; fileRef = D026C0CE1B173FAC0040D36A /* UIButton+AFNetworking.m */; };
		D026C0E51B173FAC0040D36A /* UIImageView+AFNetworking.m in Sources */ = {isa = PBXBuildFile; fileRef = D026C0D01B173FAC0040D36A /* UIImageView+AFNetworking.m */; };
		D026C0E61B173FAC0040D36A /* UIProgressView+AFNetworking.m in Sources */ = {isa = PBXBuildFile; fileRef = D026C0D31B173FAC0040D36A /* UIProgressView+AFNetworking.m */; };
		D026C0E71B173FAC0040D36A /* UIRefreshControl+AFNetworking.m in Sources */ = {isa = PBXBuildFile; fileRef = D026C0D51B173FAC0040D36A /* UIRefreshControl+AFNetworking.m */; };
		D026C0E81B173FAC0040D36A /* UIWebView+AFNetworking.m in Sources */ = {isa = PBXBuildFile; fileRef = D026C0D71B173FAC0040D36A /* UIWebView+AFNetworking.m */; };
		D04E07571B57FB3A00C0AE2B /* InfoViewController.m in Sources */ = {isa = PBXBuildFile; fileRef = D04E07561B57FB3A00C0AE2B /* InfoViewController.m */; };
		D04E07591B57FC2600C0AE2B /* infos.rtf in Resources */ = {isa = PBXBuildFile; fileRef = D04E07581B57FC2600C0AE2B /* infos.rtf */; };
		D04E075B1B58019200C0AE2B /* infos~ipad.rtf in Resources */ = {isa = PBXBuildFile; fileRef = D04E075A1B58019200C0AE2B /* infos~ipad.rtf */; };
		D04E075F1B5804C700C0AE2B /* NSBundle+Version.m in Sources */ = {isa = PBXBuildFile; fileRef = D04E075E1B5804C700C0AE2B /* NSBundle+Version.m */; };
		D05A72E51AF8BEE2006412C8 /* main.m in Sources */ = {isa = PBXBuildFile; fileRef = D05A72E41AF8BEE2006412C8 /* main.m */; };
		D05A72E81AF8BEE2006412C8 /* AppDelegate.m in Sources */ = {isa = PBXBuildFile; fileRef = D05A72E71AF8BEE2006412C8 /* AppDelegate.m */; };
		D05A72EB1AF8BEE2006412C8 /* ViewController.m in Sources */ = {isa = PBXBuildFile; fileRef = D05A72EA1AF8BEE2006412C8 /* ViewController.m */; };
		D05A72EE1AF8BEE2006412C8 /* Main.storyboard in Resources */ = {isa = PBXBuildFile; fileRef = D05A72EC1AF8BEE2006412C8 /* Main.storyboard */; };
		D05A72F01AF8BEE2006412C8 /* Images.xcassets in Resources */ = {isa = PBXBuildFile; fileRef = D05A72EF1AF8BEE2006412C8 /* Images.xcassets */; };
		D05A72F31AF8BEE2006412C8 /* LaunchScreen.xib in Resources */ = {isa = PBXBuildFile; fileRef = D05A72F11AF8BEE2006412C8 /* LaunchScreen.xib */; };
		D05A72FF1AF8BEE2006412C8 /* Abri_Ve_lo_PoitiersTests.m in Sources */ = {isa = PBXBuildFile; fileRef = D05A72FE1AF8BEE2006412C8 /* Abri_Ve_lo_PoitiersTests.m */; };
		D0C552D21AF8C9CF0017CBC3 /* abris_appuis_velos.json in Resources */ = {isa = PBXBuildFile; fileRef = D0C552D11AF8C9CF0017CBC3 /* abris_appuis_velos.json */; };
		D0FB9E8B1B21CBF8008D3753 /* ShelterPointAnnotation.m in Sources */ = {isa = PBXBuildFile; fileRef = D0FB9E8A1B21CBF8008D3753 /* ShelterPointAnnotation.m */; };
/* End PBXBuildFile section */

/* Begin PBXContainerItemProxy section */
		D05A72F91AF8BEE2006412C8 /* PBXContainerItemProxy */ = {
			isa = PBXContainerItemProxy;
			containerPortal = D05A72D71AF8BEE2006412C8 /* Project object */;
			proxyType = 1;
			remoteGlobalIDString = D05A72DE1AF8BEE2006412C8;
			remoteInfo = "Abri Vélo Poitiers";
		};
/* End PBXContainerItemProxy section */

/* Begin PBXFileReference section */
		D026C0B31B173FAC0040D36A /* AFHTTPRequestOperation.h */ = {isa = PBXFileReference; fileEncoding = 4; lastKnownFileType = sourcecode.c.h; path = AFHTTPRequestOperation.h; sourceTree = "<group>"; };
		D026C0B41B173FAC0040D36A /* AFHTTPRequestOperation.m */ = {isa = PBXFileReference; fileEncoding = 4; lastKnownFileType = sourcecode.c.objc; path = AFHTTPRequestOperation.m; sourceTree = "<group>"; };
		D026C0B51B173FAC0040D36A /* AFHTTPRequestOperationManager.h */ = {isa = PBXFileReference; fileEncoding = 4; lastKnownFileType = sourcecode.c.h; path = AFHTTPRequestOperationManager.h; sourceTree = "<group>"; };
		D026C0B61B173FAC0040D36A /* AFHTTPRequestOperationManager.m */ = {isa = PBXFileReference; fileEncoding = 4; lastKnownFileType = sourcecode.c.objc; path = AFHTTPRequestOperationManager.m; sourceTree = "<group>"; };
		D026C0B71B173FAC0040D36A /* AFHTTPSessionManager.h */ = {isa = PBXFileReference; fileEncoding = 4; lastKnownFileType = sourcecode.c.h; path = AFHTTPSessionManager.h; sourceTree = "<group>"; };
		D026C0B81B173FAC0040D36A /* AFHTTPSessionManager.m */ = {isa = PBXFileReference; fileEncoding = 4; lastKnownFileType = sourcecode.c.objc; path = AFHTTPSessionManager.m; sourceTree = "<group>"; };
		D026C0B91B173FAC0040D36A /* AFNetworking.h */ = {isa = PBXFileReference; fileEncoding = 4; lastKnownFileType = sourcecode.c.h; path = AFNetworking.h; sourceTree = "<group>"; };
		D026C0BA1B173FAC0040D36A /* AFNetworkReachabilityManager.h */ = {isa = PBXFileReference; fileEncoding = 4; lastKnownFileType = sourcecode.c.h; path = AFNetworkReachabilityManager.h; sourceTree = "<group>"; };
		D026C0BB1B173FAC0040D36A /* AFNetworkReachabilityManager.m */ = {isa = PBXFileReference; fileEncoding = 4; lastKnownFileType = sourcecode.c.objc; path = AFNetworkReachabilityManager.m; sourceTree = "<group>"; };
		D026C0BC1B173FAC0040D36A /* AFSecurityPolicy.h */ = {isa = PBXFileReference; fileEncoding = 4; lastKnownFileType = sourcecode.c.h; path = AFSecurityPolicy.h; sourceTree = "<group>"; };
		D026C0BD1B173FAC0040D36A /* AFSecurityPolicy.m */ = {isa = PBXFileReference; fileEncoding = 4; lastKnownFileType = sourcecode.c.objc; path = AFSecurityPolicy.m; sourceTree = "<group>"; };
		D026C0BE1B173FAC0040D36A /* AFURLConnectionOperation.h */ = {isa = PBXFileReference; fileEncoding = 4; lastKnownFileType = sourcecode.c.h; path = AFURLConnectionOperation.h; sourceTree = "<group>"; };
		D026C0BF1B173FAC0040D36A /* AFURLConnectionOperation.m */ = {isa = PBXFileReference; fileEncoding = 4; lastKnownFileType = sourcecode.c.objc; path = AFURLConnectionOperation.m; sourceTree = "<group>"; };
		D026C0C01B173FAC0040D36A /* AFURLRequestSerialization.h */ = {isa = PBXFileReference; fileEncoding = 4; lastKnownFileType = sourcecode.c.h; path = AFURLRequestSerialization.h; sourceTree = "<group>"; };
		D026C0C11B173FAC0040D36A /* AFURLRequestSerialization.m */ = {isa = PBXFileReference; fileEncoding = 4; lastKnownFileType = sourcecode.c.objc; path = AFURLRequestSerialization.m; sourceTree = "<group>"; };
		D026C0C21B173FAC0040D36A /* AFURLResponseSerialization.h */ = {isa = PBXFileReference; fileEncoding = 4; lastKnownFileType = sourcecode.c.h; path = AFURLResponseSerialization.h; sourceTree = "<group>"; };
		D026C0C31B173FAC0040D36A /* AFURLResponseSerialization.m */ = {isa = PBXFileReference; fileEncoding = 4; lastKnownFileType = sourcecode.c.objc; path = AFURLResponseSerialization.m; sourceTree = "<group>"; };
		D026C0C41B173FAC0040D36A /* AFURLSessionManager.h */ = {isa = PBXFileReference; fileEncoding = 4; lastKnownFileType = sourcecode.c.h; path = AFURLSessionManager.h; sourceTree = "<group>"; };
		D026C0C51B173FAC0040D36A /* AFURLSessionManager.m */ = {isa = PBXFileReference; fileEncoding = 4; lastKnownFileType = sourcecode.c.objc; path = AFURLSessionManager.m; sourceTree = "<group>"; };
		D026C0C71B173FAC0040D36A /* AFNetworkActivityIndicatorManager.h */ = {isa = PBXFileReference; fileEncoding = 4; lastKnownFileType = sourcecode.c.h; path = AFNetworkActivityIndicatorManager.h; sourceTree = "<group>"; };
		D026C0C81B173FAC0040D36A /* AFNetworkActivityIndicatorManager.m */ = {isa = PBXFileReference; fileEncoding = 4; lastKnownFileType = sourcecode.c.objc; path = AFNetworkActivityIndicatorManager.m; sourceTree = "<group>"; };
		D026C0C91B173FAC0040D36A /* UIActivityIndicatorView+AFNetworking.h */ = {isa = PBXFileReference; fileEncoding = 4; lastKnownFileType = sourcecode.c.h; path = "UIActivityIndicatorView+AFNetworking.h"; sourceTree = "<group>"; };
		D026C0CA1B173FAC0040D36A /* UIActivityIndicatorView+AFNetworking.m */ = {isa = PBXFileReference; fileEncoding = 4; lastKnownFileType = sourcecode.c.objc; path = "UIActivityIndicatorView+AFNetworking.m"; sourceTree = "<group>"; };
		D026C0CB1B173FAC0040D36A /* UIAlertView+AFNetworking.h */ = {isa = PBXFileReference; fileEncoding = 4; lastKnownFileType = sourcecode.c.h; path = "UIAlertView+AFNetworking.h"; sourceTree = "<group>"; };
		D026C0CC1B173FAC0040D36A /* UIAlertView+AFNetworking.m */ = {isa = PBXFileReference; fileEncoding = 4; lastKnownFileType = sourcecode.c.objc; path = "UIAlertView+AFNetworking.m"; sourceTree = "<group>"; };
		D026C0CD1B173FAC0040D36A /* UIButton+AFNetworking.h */ = {isa = PBXFileReference; fileEncoding = 4; lastKnownFileType = sourcecode.c.h; path = "UIButton+AFNetworking.h"; sourceTree = "<group>"; };
		D026C0CE1B173FAC0040D36A /* UIButton+AFNetworking.m */ = {isa = PBXFileReference; fileEncoding = 4; lastKnownFileType = sourcecode.c.objc; path = "UIButton+AFNetworking.m"; sourceTree = "<group>"; };
		D026C0CF1B173FAC0040D36A /* UIImageView+AFNetworking.h */ = {isa = PBXFileReference; fileEncoding = 4; lastKnownFileType = sourcecode.c.h; path = "UIImageView+AFNetworking.h"; sourceTree = "<group>"; };
		D026C0D01B173FAC0040D36A /* UIImageView+AFNetworking.m */ = {isa = PBXFileReference; fileEncoding = 4; lastKnownFileType = sourcecode.c.objc; path = "UIImageView+AFNetworking.m"; sourceTree = "<group>"; };
		D026C0D11B173FAC0040D36A /* UIKit+AFNetworking.h */ = {isa = PBXFileReference; fileEncoding = 4; lastKnownFileType = sourcecode.c.h; path = "UIKit+AFNetworking.h"; sourceTree = "<group>"; };
		D026C0D21B173FAC0040D36A /* UIProgressView+AFNetworking.h */ = {isa = PBXFileReference; fileEncoding = 4; lastKnownFileType = sourcecode.c.h; path = "UIProgressView+AFNetworking.h"; sourceTree = "<group>"; };
		D026C0D31B173FAC0040D36A /* UIProgressView+AFNetworking.m */ = {isa = PBXFileReference; fileEncoding = 4; lastKnownFileType = sourcecode.c.objc; path = "UIProgressView+AFNetworking.m"; sourceTree = "<group>"; };
		D026C0D41B173FAC0040D36A /* UIRefreshControl+AFNetworking.h */ = {isa = PBXFileReference; fileEncoding = 4; lastKnownFileType = sourcecode.c.h; path = "UIRefreshControl+AFNetworking.h"; sourceTree = "<group>"; };
		D026C0D51B173FAC0040D36A /* UIRefreshControl+AFNetworking.m */ = {isa = PBXFileReference; fileEncoding = 4; lastKnownFileType = sourcecode.c.objc; path = "UIRefreshControl+AFNetworking.m"; sourceTree = "<group>"; };
		D026C0D61B173FAC0040D36A /* UIWebView+AFNetworking.h */ = {isa = PBXFileReference; fileEncoding = 4; lastKnownFileType = sourcecode.c.h; path = "UIWebView+AFNetworking.h"; sourceTree = "<group>"; };
		D026C0D71B173FAC0040D36A /* UIWebView+AFNetworking.m */ = {isa = PBXFileReference; fileEncoding = 4; lastKnownFileType = sourcecode.c.objc; path = "UIWebView+AFNetworking.m"; sourceTree = "<group>"; };
		D04E07551B57FB3A00C0AE2B /* InfoViewController.h */ = {isa = PBXFileReference; fileEncoding = 4; lastKnownFileType = sourcecode.c.h; path = InfoViewController.h; sourceTree = "<group>"; };
		D04E07561B57FB3A00C0AE2B /* InfoViewController.m */ = {isa = PBXFileReference; fileEncoding = 4; lastKnownFileType = sourcecode.c.objc; path = InfoViewController.m; sourceTree = "<group>"; };
		D04E07581B57FC2600C0AE2B /* infos.rtf */ = {isa = PBXFileReference; fileEncoding = 4; lastKnownFileType = text.rtf; path = infos.rtf; sourceTree = "<group>"; };
		D04E075A1B58019200C0AE2B /* infos~ipad.rtf */ = {isa = PBXFileReference; fileEncoding = 4; lastKnownFileType = text.rtf; path = "infos~ipad.rtf"; sourceTree = "<group>"; };
		D04E075D1B5804C700C0AE2B /* NSBundle+Version.h */ = {isa = PBXFileReference; fileEncoding = 4; lastKnownFileType = sourcecode.c.h; path = "NSBundle+Version.h"; sourceTree = "<group>"; };
		D04E075E1B5804C700C0AE2B /* NSBundle+Version.m */ = {isa = PBXFileReference; fileEncoding = 4; lastKnownFileType = sourcecode.c.objc; path = "NSBundle+Version.m"; sourceTree = "<group>"; };
		D05A72DF1AF8BEE2006412C8 /* Poitiers Vélo.app */ = {isa = PBXFileReference; explicitFileType = wrapper.application; includeInIndex = 0; path = "Poitiers Vélo.app"; sourceTree = BUILT_PRODUCTS_DIR; };
		D05A72E31AF8BEE2006412C8 /* Info.plist */ = {isa = PBXFileReference; lastKnownFileType = text.plist.xml; path = Info.plist; sourceTree = "<group>"; };
		D05A72E41AF8BEE2006412C8 /* main.m */ = {isa = PBXFileReference; lastKnownFileType = sourcecode.c.objc; path = main.m; sourceTree = "<group>"; };
		D05A72E61AF8BEE2006412C8 /* AppDelegate.h */ = {isa = PBXFileReference; lastKnownFileType = sourcecode.c.h; path = AppDelegate.h; sourceTree = "<group>"; };
		D05A72E71AF8BEE2006412C8 /* AppDelegate.m */ = {isa = PBXFileReference; lastKnownFileType = sourcecode.c.objc; path = AppDelegate.m; sourceTree = "<group>"; };
		D05A72E91AF8BEE2006412C8 /* ViewController.h */ = {isa = PBXFileReference; lastKnownFileType = sourcecode.c.h; path = ViewController.h; sourceTree = "<group>"; };
		D05A72EA1AF8BEE2006412C8 /* ViewController.m */ = {isa = PBXFileReference; lastKnownFileType = sourcecode.c.objc; path = ViewController.m; sourceTree = "<group>"; };
		D05A72ED1AF8BEE2006412C8 /* Base */ = {isa = PBXFileReference; lastKnownFileType = file.storyboard; name = Base; path = Base.lproj/Main.storyboard; sourceTree = "<group>"; };
		D05A72EF1AF8BEE2006412C8 /* Images.xcassets */ = {isa = PBXFileReference; lastKnownFileType = folder.assetcatalog; path = Images.xcassets; sourceTree = "<group>"; };
		D05A72F21AF8BEE2006412C8 /* Base */ = {isa = PBXFileReference; lastKnownFileType = file.xib; name = Base; path = Base.lproj/LaunchScreen.xib; sourceTree = "<group>"; };
		D05A72F81AF8BEE2006412C8 /* Poitiers Vélo.xctest */ = {isa = PBXFileReference; explicitFileType = wrapper.cfbundle; includeInIndex = 0; path = "Poitiers Vélo.xctest"; sourceTree = BUILT_PRODUCTS_DIR; };
		D05A72FD1AF8BEE2006412C8 /* Info.plist */ = {isa = PBXFileReference; lastKnownFileType = text.plist.xml; path = Info.plist; sourceTree = "<group>"; };
		D05A72FE1AF8BEE2006412C8 /* Abri_Ve_lo_PoitiersTests.m */ = {isa = PBXFileReference; lastKnownFileType = sourcecode.c.objc; path = Abri_Ve_lo_PoitiersTests.m; sourceTree = "<group>"; };
		D0C552D11AF8C9CF0017CBC3 /* abris_appuis_velos.json */ = {isa = PBXFileReference; fileEncoding = 4; lastKnownFileType = text.json; path = abris_appuis_velos.json; sourceTree = "<group>"; };
		D0FB9E891B21CBF8008D3753 /* ShelterPointAnnotation.h */ = {isa = PBXFileReference; fileEncoding = 4; lastKnownFileType = sourcecode.c.h; path = ShelterPointAnnotation.h; sourceTree = "<group>"; };
		D0FB9E8A1B21CBF8008D3753 /* ShelterPointAnnotation.m */ = {isa = PBXFileReference; fileEncoding = 4; lastKnownFileType = sourcecode.c.objc; path = ShelterPointAnnotation.m; sourceTree = "<group>"; };
/* End PBXFileReference section */

/* Begin PBXFrameworksBuildPhase section */
		D05A72DC1AF8BEE2006412C8 /* Frameworks */ = {
			isa = PBXFrameworksBuildPhase;
			buildActionMask = 2147483647;
			files = (
			);
			runOnlyForDeploymentPostprocessing = 0;
		};
		D05A72F51AF8BEE2006412C8 /* Frameworks */ = {
			isa = PBXFrameworksBuildPhase;
			buildActionMask = 2147483647;
			files = (
			);
			runOnlyForDeploymentPostprocessing = 0;
		};
/* End PBXFrameworksBuildPhase section */

/* Begin PBXGroup section */
		D026C0B21B173FAC0040D36A /* AFNetworking */ = {
			isa = PBXGroup;
			children = (
				D026C0B31B173FAC0040D36A /* AFHTTPRequestOperation.h */,
				D026C0B41B173FAC0040D36A /* AFHTTPRequestOperation.m */,
				D026C0B51B173FAC0040D36A /* AFHTTPRequestOperationManager.h */,
				D026C0B61B173FAC0040D36A /* AFHTTPRequestOperationManager.m */,
				D026C0B71B173FAC0040D36A /* AFHTTPSessionManager.h */,
				D026C0B81B173FAC0040D36A /* AFHTTPSessionManager.m */,
				D026C0B91B173FAC0040D36A /* AFNetworking.h */,
				D026C0BA1B173FAC0040D36A /* AFNetworkReachabilityManager.h */,
				D026C0BB1B173FAC0040D36A /* AFNetworkReachabilityManager.m */,
				D026C0BC1B173FAC0040D36A /* AFSecurityPolicy.h */,
				D026C0BD1B173FAC0040D36A /* AFSecurityPolicy.m */,
				D026C0BE1B173FAC0040D36A /* AFURLConnectionOperation.h */,
				D026C0BF1B173FAC0040D36A /* AFURLConnectionOperation.m */,
				D026C0C01B173FAC0040D36A /* AFURLRequestSerialization.h */,
				D026C0C11B173FAC0040D36A /* AFURLRequestSerialization.m */,
				D026C0C21B173FAC0040D36A /* AFURLResponseSerialization.h */,
				D026C0C31B173FAC0040D36A /* AFURLResponseSerialization.m */,
				D026C0C41B173FAC0040D36A /* AFURLSessionManager.h */,
				D026C0C51B173FAC0040D36A /* AFURLSessionManager.m */,
			);
			path = AFNetworking;
			sourceTree = "<group>";
		};
		D026C0C61B173FAC0040D36A /* UIKit+AFNetworking */ = {
			isa = PBXGroup;
			children = (
				D026C0C71B173FAC0040D36A /* AFNetworkActivityIndicatorManager.h */,
				D026C0C81B173FAC0040D36A /* AFNetworkActivityIndicatorManager.m */,
				D026C0C91B173FAC0040D36A /* UIActivityIndicatorView+AFNetworking.h */,
				D026C0CA1B173FAC0040D36A /* UIActivityIndicatorView+AFNetworking.m */,
				D026C0CB1B173FAC0040D36A /* UIAlertView+AFNetworking.h */,
				D026C0CC1B173FAC0040D36A /* UIAlertView+AFNetworking.m */,
				D026C0CD1B173FAC0040D36A /* UIButton+AFNetworking.h */,
				D026C0CE1B173FAC0040D36A /* UIButton+AFNetworking.m */,
				D026C0CF1B173FAC0040D36A /* UIImageView+AFNetworking.h */,
				D026C0D01B173FAC0040D36A /* UIImageView+AFNetworking.m */,
				D026C0D11B173FAC0040D36A /* UIKit+AFNetworking.h */,
				D026C0D21B173FAC0040D36A /* UIProgressView+AFNetworking.h */,
				D026C0D31B173FAC0040D36A /* UIProgressView+AFNetworking.m */,
				D026C0D41B173FAC0040D36A /* UIRefreshControl+AFNetworking.h */,
				D026C0D51B173FAC0040D36A /* UIRefreshControl+AFNetworking.m */,
				D026C0D61B173FAC0040D36A /* UIWebView+AFNetworking.h */,
				D026C0D71B173FAC0040D36A /* UIWebView+AFNetworking.m */,
			);
			path = "UIKit+AFNetworking";
			sourceTree = "<group>";
		};
		D04E075C1B5803FD00C0AE2B /* UI */ = {
			isa = PBXGroup;
			children = (
				D0FB9E891B21CBF8008D3753 /* ShelterPointAnnotation.h */,
				D0FB9E8A1B21CBF8008D3753 /* ShelterPointAnnotation.m */,
			);
			name = UI;
			sourceTree = "<group>";
		};
		D04E07601B58052500C0AE2B /* Categories */ = {
			isa = PBXGroup;
			children = (
				D04E075D1B5804C700C0AE2B /* NSBundle+Version.h */,
				D04E075E1B5804C700C0AE2B /* NSBundle+Version.m */,
			);
			name = Categories;
			sourceTree = "<group>";
		};
		D05A72D61AF8BEE2006412C8 = {
			isa = PBXGroup;
			children = (
				D05A72E11AF8BEE2006412C8 /* Abri Vélo Poitiers */,
				D05A72FB1AF8BEE2006412C8 /* Abri Vélo PoitiersTests */,
				D05A72E01AF8BEE2006412C8 /* Products */,
				D05A730A1AF8BFDA006412C8 /* Frameworks */,
			);
			sourceTree = "<group>";
		};
		D05A72E01AF8BEE2006412C8 /* Products */ = {
			isa = PBXGroup;
			children = (
				D05A72DF1AF8BEE2006412C8 /* Poitiers Vélo.app */,
				D05A72F81AF8BEE2006412C8 /* Poitiers Vélo.xctest */,
			);
			name = Products;
			sourceTree = "<group>";
		};
		D05A72E11AF8BEE2006412C8 /* Abri Vélo Poitiers */ = {
			isa = PBXGroup;
			children = (
				D0C552D01AF8C9BD0017CBC3 /* Resources */,
				D05A72EC1AF8BEE2006412C8 /* Main.storyboard */,
				D05A72EF1AF8BEE2006412C8 /* Images.xcassets */,
				D05A72F11AF8BEE2006412C8 /* LaunchScreen.xib */,
				D05A72E61AF8BEE2006412C8 /* AppDelegate.h */,
				D05A72E71AF8BEE2006412C8 /* AppDelegate.m */,
				D05A72E91AF8BEE2006412C8 /* ViewController.h */,
				D05A72EA1AF8BEE2006412C8 /* ViewController.m */,
				D04E07551B57FB3A00C0AE2B /* InfoViewController.h */,
				D04E07561B57FB3A00C0AE2B /* InfoViewController.m */,
				D04E07601B58052500C0AE2B /* Categories */,
				D04E075C1B5803FD00C0AE2B /* UI */,
				D05A72E21AF8BEE2006412C8 /* Supporting Files */,
				D026C0B21B173FAC0040D36A /* AFNetworking */,
				D026C0C61B173FAC0040D36A /* UIKit+AFNetworking */,
			);
			path = "Abri Vélo Poitiers";
			sourceTree = "<group>";
		};
		D05A72E21AF8BEE2006412C8 /* Supporting Files */ = {
			isa = PBXGroup;
			children = (
				D05A72E31AF8BEE2006412C8 /* Info.plist */,
				D05A72E41AF8BEE2006412C8 /* main.m */,
			);
			name = "Supporting Files";
			sourceTree = "<group>";
		};
		D05A72FB1AF8BEE2006412C8 /* Abri Vélo PoitiersTests */ = {
			isa = PBXGroup;
			children = (
				D05A72FE1AF8BEE2006412C8 /* Abri_Ve_lo_PoitiersTests.m */,
				D05A72FC1AF8BEE2006412C8 /* Supporting Files */,
			);
			path = "Abri Vélo PoitiersTests";
			sourceTree = "<group>";
		};
		D05A72FC1AF8BEE2006412C8 /* Supporting Files */ = {
			isa = PBXGroup;
			children = (
				D05A72FD1AF8BEE2006412C8 /* Info.plist */,
			);
			name = "Supporting Files";
			sourceTree = "<group>";
		};
		D05A730A1AF8BFDA006412C8 /* Frameworks */ = {
			isa = PBXGroup;
			children = (
			);
			name = Frameworks;
			sourceTree = "<group>";
		};
		D0C552D01AF8C9BD0017CBC3 /* Resources */ = {
			isa = PBXGroup;
			children = (
				D04E075A1B58019200C0AE2B /* infos~ipad.rtf */,
				D04E07581B57FC2600C0AE2B /* infos.rtf */,
				D0C552D11AF8C9CF0017CBC3 /* abris_appuis_velos.json */,
			);
			name = Resources;
			sourceTree = "<group>";
		};
/* End PBXGroup section */

/* Begin PBXNativeTarget section */
		D05A72DE1AF8BEE2006412C8 /* Poitiers Vélo */ = {
			isa = PBXNativeTarget;
			buildConfigurationList = D05A73021AF8BEE2006412C8 /* Build configuration list for PBXNativeTarget "Poitiers Vélo" */;
			buildPhases = (
				D05A72DB1AF8BEE2006412C8 /* Sources */,
				D05A72DC1AF8BEE2006412C8 /* Frameworks */,
				D05A72DD1AF8BEE2006412C8 /* Resources */,
			);
			buildRules = (
			);
			dependencies = (
			);
			name = "Poitiers Vélo";
			productName = "Abri Vélo Poitiers";
			productReference = D05A72DF1AF8BEE2006412C8 /* Poitiers Vélo.app */;
			productType = "com.apple.product-type.application";
		};
		D05A72F71AF8BEE2006412C8 /* Poitiers VéloTests */ = {
			isa = PBXNativeTarget;
			buildConfigurationList = D05A73051AF8BEE2006412C8 /* Build configuration list for PBXNativeTarget "Poitiers VéloTests" */;
			buildPhases = (
				D05A72F41AF8BEE2006412C8 /* Sources */,
				D05A72F51AF8BEE2006412C8 /* Frameworks */,
				D05A72F61AF8BEE2006412C8 /* Resources */,
			);
			buildRules = (
			);
			dependencies = (
				D05A72FA1AF8BEE2006412C8 /* PBXTargetDependency */,
			);
			name = "Poitiers VéloTests";
			productName = "Abri Vélo PoitiersTests";
			productReference = D05A72F81AF8BEE2006412C8 /* Poitiers Vélo.xctest */;
			productType = "com.apple.product-type.bundle.unit-test";
		};
/* End PBXNativeTarget section */

/* Begin PBXProject section */
		D05A72D71AF8BEE2006412C8 /* Project object */ = {
			isa = PBXProject;
			attributes = {
				LastUpgradeCheck = 0630;
				ORGANIZATIONNAME = serli;
				TargetAttributes = {
					D05A72DE1AF8BEE2006412C8 = {
						CreatedOnToolsVersion = 6.3.1;
						SystemCapabilities = {
							com.apple.Maps.iOS = {
								enabled = 0;
							};
						};
					};
					D05A72F71AF8BEE2006412C8 = {
						CreatedOnToolsVersion = 6.3.1;
						TestTargetID = D05A72DE1AF8BEE2006412C8;
					};
				};
			};
			buildConfigurationList = D05A72DA1AF8BEE2006412C8 /* Build configuration list for PBXProject "Poitiers Vélo" */;
			compatibilityVersion = "Xcode 3.2";
			developmentRegion = English;
			hasScannedForEncodings = 0;
			knownRegions = (
				en,
				Base,
			);
			mainGroup = D05A72D61AF8BEE2006412C8;
			productRefGroup = D05A72E01AF8BEE2006412C8 /* Products */;
			projectDirPath = "";
			projectRoot = "";
			targets = (
				D05A72DE1AF8BEE2006412C8 /* Poitiers Vélo */,
				D05A72F71AF8BEE2006412C8 /* Poitiers VéloTests */,
			);
		};
/* End PBXProject section */

/* Begin PBXResourcesBuildPhase section */
		D05A72DD1AF8BEE2006412C8 /* Resources */ = {
			isa = PBXResourcesBuildPhase;
			buildActionMask = 2147483647;
			files = (
				D05A72EE1AF8BEE2006412C8 /* Main.storyboard in Resources */,
				D04E075B1B58019200C0AE2B /* infos~ipad.rtf in Resources */,
				D04E07591B57FC2600C0AE2B /* infos.rtf in Resources */,
				D0C552D21AF8C9CF0017CBC3 /* abris_appuis_velos.json in Resources */,
				D05A72F31AF8BEE2006412C8 /* LaunchScreen.xib in Resources */,
				D05A72F01AF8BEE2006412C8 /* Images.xcassets in Resources */,
			);
			runOnlyForDeploymentPostprocessing = 0;
		};
		D05A72F61AF8BEE2006412C8 /* Resources */ = {
			isa = PBXResourcesBuildPhase;
			buildActionMask = 2147483647;
			files = (
			);
			runOnlyForDeploymentPostprocessing = 0;
		};
/* End PBXResourcesBuildPhase section */

/* Begin PBXSourcesBuildPhase section */
		D05A72DB1AF8BEE2006412C8 /* Sources */ = {
			isa = PBXSourcesBuildPhase;
			buildActionMask = 2147483647;
			files = (
				D026C0D81B173FAC0040D36A /* AFHTTPRequestOperation.m in Sources */,
				D026C0E51B173FAC0040D36A /* UIImageView+AFNetworking.m in Sources */,
				D04E07571B57FB3A00C0AE2B /* InfoViewController.m in Sources */,
				D05A72EB1AF8BEE2006412C8 /* ViewController.m in Sources */,
				D026C0D91B173FAC0040D36A /* AFHTTPRequestOperationManager.m in Sources */,
				D026C0E61B173FAC0040D36A /* UIProgressView+AFNetworking.m in Sources */,
				D026C0DB1B173FAC0040D36A /* AFNetworkReachabilityManager.m in Sources */,
				D026C0DF1B173FAC0040D36A /* AFURLResponseSerialization.m in Sources */,
				D026C0DD1B173FAC0040D36A /* AFURLConnectionOperation.m in Sources */,
				D026C0E41B173FAC0040D36A /* UIButton+AFNetworking.m in Sources */,
				D026C0E21B173FAC0040D36A /* UIActivityIndicatorView+AFNetworking.m in Sources */,
				D026C0DC1B173FAC0040D36A /* AFSecurityPolicy.m in Sources */,
				D04E075F1B5804C700C0AE2B /* NSBundle+Version.m in Sources */,
				D026C0E71B173FAC0040D36A /* UIRefreshControl+AFNetworking.m in Sources */,
				D026C0E81B173FAC0040D36A /* UIWebView+AFNetworking.m in Sources */,
				D026C0DA1B173FAC0040D36A /* AFHTTPSessionManager.m in Sources */,
				D0FB9E8B1B21CBF8008D3753 /* ShelterPointAnnotation.m in Sources */,
				D026C0E31B173FAC0040D36A /* UIAlertView+AFNetworking.m in Sources */,
				D026C0DE1B173FAC0040D36A /* AFURLRequestSerialization.m in Sources */,
				D026C0E11B173FAC0040D36A /* AFNetworkActivityIndicatorManager.m in Sources */,
				D026C0E01B173FAC0040D36A /* AFURLSessionManager.m in Sources */,
				D05A72E81AF8BEE2006412C8 /* AppDelegate.m in Sources */,
				D05A72E51AF8BEE2006412C8 /* main.m in Sources */,
			);
			runOnlyForDeploymentPostprocessing = 0;
		};
		D05A72F41AF8BEE2006412C8 /* Sources */ = {
			isa = PBXSourcesBuildPhase;
			buildActionMask = 2147483647;
			files = (
				D05A72FF1AF8BEE2006412C8 /* Abri_Ve_lo_PoitiersTests.m in Sources */,
			);
			runOnlyForDeploymentPostprocessing = 0;
		};
/* End PBXSourcesBuildPhase section */

/* Begin PBXTargetDependency section */
		D05A72FA1AF8BEE2006412C8 /* PBXTargetDependency */ = {
			isa = PBXTargetDependency;
			target = D05A72DE1AF8BEE2006412C8 /* Poitiers Vélo */;
			targetProxy = D05A72F91AF8BEE2006412C8 /* PBXContainerItemProxy */;
		};
/* End PBXTargetDependency section */

/* Begin PBXVariantGroup section */
		D05A72EC1AF8BEE2006412C8 /* Main.storyboard */ = {
			isa = PBXVariantGroup;
			children = (
				D05A72ED1AF8BEE2006412C8 /* Base */,
			);
			name = Main.storyboard;
			sourceTree = "<group>";
		};
		D05A72F11AF8BEE2006412C8 /* LaunchScreen.xib */ = {
			isa = PBXVariantGroup;
			children = (
				D05A72F21AF8BEE2006412C8 /* Base */,
			);
			name = LaunchScreen.xib;
			sourceTree = "<group>";
		};
/* End PBXVariantGroup section */

/* Begin XCBuildConfiguration section */
		D05A73001AF8BEE2006412C8 /* Debug */ = {
			isa = XCBuildConfiguration;
			buildSettings = {
				ALWAYS_SEARCH_USER_PATHS = NO;
				CLANG_CXX_LANGUAGE_STANDARD = "gnu++0x";
				CLANG_CXX_LIBRARY = "libc++";
				CLANG_ENABLE_MODULES = YES;
				CLANG_ENABLE_OBJC_ARC = YES;
				CLANG_WARN_BOOL_CONVERSION = YES;
				CLANG_WARN_CONSTANT_CONVERSION = YES;
				CLANG_WARN_DIRECT_OBJC_ISA_USAGE = YES_ERROR;
				CLANG_WARN_EMPTY_BODY = YES;
				CLANG_WARN_ENUM_CONVERSION = YES;
				CLANG_WARN_INT_CONVERSION = YES;
				CLANG_WARN_OBJC_ROOT_CLASS = YES_ERROR;
				CLANG_WARN_UNREACHABLE_CODE = YES;
				CLANG_WARN__DUPLICATE_METHOD_MATCH = YES;
				"CODE_SIGN_IDENTITY[sdk=iphoneos*]" = "iPhone Developer";
				COPY_PHASE_STRIP = NO;
				DEBUG_INFORMATION_FORMAT = "dwarf-with-dsym";
				ENABLE_STRICT_OBJC_MSGSEND = YES;
				GCC_C_LANGUAGE_STANDARD = gnu99;
				GCC_DYNAMIC_NO_PIC = NO;
				GCC_NO_COMMON_BLOCKS = YES;
				GCC_OPTIMIZATION_LEVEL = 0;
				GCC_PREPROCESSOR_DEFINITIONS = (
					"DEBUG=1",
					"$(inherited)",
				);
				GCC_SYMBOLS_PRIVATE_EXTERN = NO;
				GCC_WARN_64_TO_32_BIT_CONVERSION = YES;
				GCC_WARN_ABOUT_RETURN_TYPE = YES_ERROR;
				GCC_WARN_UNDECLARED_SELECTOR = YES;
				GCC_WARN_UNINITIALIZED_AUTOS = YES_AGGRESSIVE;
				GCC_WARN_UNUSED_FUNCTION = YES;
				GCC_WARN_UNUSED_VARIABLE = YES;
				IPHONEOS_DEPLOYMENT_TARGET = 8.3;
				MTL_ENABLE_DEBUG_INFO = YES;
				ONLY_ACTIVE_ARCH = YES;
				SDKROOT = iphoneos;
				TARGETED_DEVICE_FAMILY = "1,2";
			};
			name = Debug;
		};
		D05A73011AF8BEE2006412C8 /* Release */ = {
			isa = XCBuildConfiguration;
			buildSettings = {
				ALWAYS_SEARCH_USER_PATHS = NO;
				CLANG_CXX_LANGUAGE_STANDARD = "gnu++0x";
				CLANG_CXX_LIBRARY = "libc++";
				CLANG_ENABLE_MODULES = YES;
				CLANG_ENABLE_OBJC_ARC = YES;
				CLANG_WARN_BOOL_CONVERSION = YES;
				CLANG_WARN_CONSTANT_CONVERSION = YES;
				CLANG_WARN_DIRECT_OBJC_ISA_USAGE = YES_ERROR;
				CLANG_WARN_EMPTY_BODY = YES;
				CLANG_WARN_ENUM_CONVERSION = YES;
				CLANG_WARN_INT_CONVERSION = YES;
				CLANG_WARN_OBJC_ROOT_CLASS = YES_ERROR;
				CLANG_WARN_UNREACHABLE_CODE = YES;
				CLANG_WARN__DUPLICATE_METHOD_MATCH = YES;
				"CODE_SIGN_IDENTITY[sdk=iphoneos*]" = "iPhone Developer";
				COPY_PHASE_STRIP = NO;
				DEBUG_INFORMATION_FORMAT = "dwarf-with-dsym";
				ENABLE_NS_ASSERTIONS = NO;
				ENABLE_STRICT_OBJC_MSGSEND = YES;
				GCC_C_LANGUAGE_STANDARD = gnu99;
				GCC_NO_COMMON_BLOCKS = YES;
				GCC_WARN_64_TO_32_BIT_CONVERSION = YES;
				GCC_WARN_ABOUT_RETURN_TYPE = YES_ERROR;
				GCC_WARN_UNDECLARED_SELECTOR = YES;
				GCC_WARN_UNINITIALIZED_AUTOS = YES_AGGRESSIVE;
				GCC_WARN_UNUSED_FUNCTION = YES;
				GCC_WARN_UNUSED_VARIABLE = YES;
				IPHONEOS_DEPLOYMENT_TARGET = 8.3;
				MTL_ENABLE_DEBUG_INFO = NO;
				SDKROOT = iphoneos;
				TARGETED_DEVICE_FAMILY = "1,2";
				VALIDATE_PRODUCT = YES;
			};
			name = Release;
		};
		D05A73031AF8BEE2006412C8 /* Debug */ = {
			isa = XCBuildConfiguration;
			buildSettings = {
				ASSETCATALOG_COMPILER_APPICON_NAME = AppIcon;
				INFOPLIST_FILE = "Abri Vélo Poitiers/Info.plist";
				LD_RUNPATH_SEARCH_PATHS = "$(inherited) @executable_path/Frameworks";
				PRODUCT_NAME = "Poitiers Vélo";
			};
			name = Debug;
		};
		D05A73041AF8BEE2006412C8 /* Release */ = {
			isa = XCBuildConfiguration;
			buildSettings = {
				ASSETCATALOG_COMPILER_APPICON_NAME = AppIcon;
				INFOPLIST_FILE = "Abri Vélo Poitiers/Info.plist";
				LD_RUNPATH_SEARCH_PATHS = "$(inherited) @executable_path/Frameworks";
				PRODUCT_NAME = "Poitiers Vélo";
				PROVISIONING_PROFILE = "10a4f2d6-e42a-4504-a76e-9a9bb21bd42e";
			};
			name = Release;
		};
		D05A73061AF8BEE2006412C8 /* Debug */ = {
			isa = XCBuildConfiguration;
			buildSettings = {
				BUNDLE_LOADER = "$(TEST_HOST)";
				FRAMEWORK_SEARCH_PATHS = (
					"$(SDKROOT)/Developer/Library/Frameworks",
					"$(inherited)",
				);
				GCC_PREPROCESSOR_DEFINITIONS = (
					"DEBUG=1",
					"$(inherited)",
				);
				INFOPLIST_FILE = "Abri Vélo PoitiersTests/Info.plist";
				LD_RUNPATH_SEARCH_PATHS = "$(inherited) @executable_path/Frameworks @loader_path/Frameworks";
				PRODUCT_NAME = "Poitiers Vélo";
				TEST_HOST = "$(BUILT_PRODUCTS_DIR)/Poitiers Vélo.app/Poitiers Vélo";
			};
			name = Debug;
		};
		D05A73071AF8BEE2006412C8 /* Release */ = {
			isa = XCBuildConfiguration;
			buildSettings = {
				BUNDLE_LOADER = "$(TEST_HOST)";
				FRAMEWORK_SEARCH_PATHS = (
					"$(SDKROOT)/Developer/Library/Frameworks",
					"$(inherited)",
				);
				INFOPLIST_FILE = "Abri Vélo PoitiersTests/Info.plist";
				LD_RUNPATH_SEARCH_PATHS = "$(inherited) @executable_path/Frameworks @loader_path/Frameworks";
				PRODUCT_NAME = "Poitiers Vélo";
				TEST_HOST = "$(BUILT_PRODUCTS_DIR)/Poitiers Vélo.app/Poitiers Vélo";
			};
			name = Release;
		};
/* End XCBuildConfiguration section */

/* Begin XCConfigurationList section */
		D05A72DA1AF8BEE2006412C8 /* Build configuration list for PBXProject "Poitiers Vélo" */ = {
			isa = XCConfigurationList;
			buildConfigurations = (
				D05A73001AF8BEE2006412C8 /* Debug */,
				D05A73011AF8BEE2006412C8 /* Release */,
			);
			defaultConfigurationIsVisible = 0;
			defaultConfigurationName = Release;
		};
		D05A73021AF8BEE2006412C8 /* Build configuration list for PBXNativeTarget "Poitiers Vélo" */ = {
			isa = XCConfigurationList;
			buildConfigurations = (
				D05A73031AF8BEE2006412C8 /* Debug */,
				D05A73041AF8BEE2006412C8 /* Release */,
			);
			defaultConfigurationIsVisible = 0;
			defaultConfigurationName = Release;
		};
		D05A73051AF8BEE2006412C8 /* Build configuration list for PBXNativeTarget "Poitiers VéloTests" */ = {
			isa = XCConfigurationList;
			buildConfigurations = (
				D05A73061AF8BEE2006412C8 /* Debug */,
				D05A73071AF8BEE2006412C8 /* Release */,
			);
			defaultConfigurationIsVisible = 0;
			defaultConfigurationName = Release;
		};
/* End XCConfigurationList section */
	};
	rootObject = D05A72D71AF8BEE2006412C8 /* Project object */;
}
